// !$*UTF8*$!
{
	archiveVersion = 1;
	classes = {
	};
	objectVersion = 46;
	objects = {

/* Begin PBXBuildFile section */
		75D338DF1BA2E2BD00B3F36F /* AppDelegate.swift in Sources */ = {isa = PBXBuildFile; fileRef = 75D338DE1BA2E2BD00B3F36F /* AppDelegate.swift */; };
		75D338E11BA2E2BD00B3F36F /* ViewController.swift in Sources */ = {isa = PBXBuildFile; fileRef = 75D338E01BA2E2BD00B3F36F /* ViewController.swift */; };
		75D338E41BA2E2BD00B3F36F /* Main.storyboard in Resources */ = {isa = PBXBuildFile; fileRef = 75D338E21BA2E2BD00B3F36F /* Main.storyboard */; };
		75D338E61BA2E2BD00B3F36F /* Images.xcassets in Resources */ = {isa = PBXBuildFile; fileRef = 75D338E51BA2E2BD00B3F36F /* Images.xcassets */; };
		75D338E91BA2E2BD00B3F36F /* LaunchScreen.xib in Resources */ = {isa = PBXBuildFile; fileRef = 75D338E71BA2E2BD00B3F36F /* LaunchScreen.xib */; };
		75D338F51BA2E2BD00B3F36F /* storyboardDemoTests.swift in Sources */ = {isa = PBXBuildFile; fileRef = 75D338F41BA2E2BD00B3F36F /* storyboardDemoTests.swift */; };
/* End PBXBuildFile section */

/* Begin PBXContainerItemProxy section */
		75D338EF1BA2E2BD00B3F36F /* PBXContainerItemProxy */ = {
			isa = PBXContainerItemProxy;
			containerPortal = 75D338D11BA2E2BD00B3F36F /* Project object */;
			proxyType = 1;
			remoteGlobalIDString = 75D338D81BA2E2BD00B3F36F;
			remoteInfo = storyboardDemo;
		};
/* End PBXContainerItemProxy section */

/* Begin PBXFileReference section */
		75D338D91BA2E2BD00B3F36F /* storyboardDemo.app */ = {isa = PBXFileReference; explicitFileType = wrapper.application; includeInIndex = 0; path = storyboardDemo.app; sourceTree = BUILT_PRODUCTS_DIR; };
		75D338DD1BA2E2BD00B3F36F /* Info.plist */ = {isa = PBXFileReference; lastKnownFileType = text.plist.xml; path = Info.plist; sourceTree = "<group>"; };
		75D338DE1BA2E2BD00B3F36F /* AppDelegate.swift */ = {isa = PBXFileReference; lastKnownFileType = sourcecode.swift; path = AppDelegate.swift; sourceTree = "<group>"; };
		75D338E01BA2E2BD00B3F36F /* ViewController.swift */ = {isa = PBXFileReference; lastKnownFileType = sourcecode.swift; path = ViewController.swift; sourceTree = "<group>"; };
		75D338E31BA2E2BD00B3F36F /* Base */ = {isa = PBXFileReference; lastKnownFileType = file.storyboard; name = Base; path = Base.lproj/Main.storyboard; sourceTree = "<group>"; };
		75D338E51BA2E2BD00B3F36F /* Images.xcassets */ = {isa = PBXFileReference; lastKnownFileType = folder.assetcatalog; path = Images.xcassets; sourceTree = "<group>"; };
		75D338E81BA2E2BD00B3F36F /* Base */ = {isa = PBXFileReference; lastKnownFileType = file.xib; name = Base; path = Base.lproj/LaunchScreen.xib; sourceTree = "<group>"; };
		75D338EE1BA2E2BD00B3F36F /* storyboardDemoTests.xctest */ = {isa = PBXFileReference; explicitFileType = wrapper.cfbundle; includeInIndex = 0; path = storyboardDemoTests.xctest; sourceTree = BUILT_PRODUCTS_DIR; };
		75D338F31BA2E2BD00B3F36F /* Info.plist */ = {isa = PBXFileReference; lastKnownFileType = text.plist.xml; path = Info.plist; sourceTree = "<group>"; };
		75D338F41BA2E2BD00B3F36F /* storyboardDemoTests.swift */ = {isa = PBXFileReference; lastKnownFileType = sourcecode.swift; path = storyboardDemoTests.swift; sourceTree = "<group>"; };
/* End PBXFileReference section */

/* Begin PBXFrameworksBuildPhase section */
		75D338D61BA2E2BD00B3F36F /* Frameworks */ = {
			isa = PBXFrameworksBuildPhase;
			buildActionMask = 2147483647;
			files = (
			);
			runOnlyForDeploymentPostprocessing = 0;
		};
		75D338EB1BA2E2BD00B3F36F /* Frameworks */ = {
			isa = PBXFrameworksBuildPhase;
			buildActionMask = 2147483647;
			files = (
			);
			runOnlyForDeploymentPostprocessing = 0;
		};
/* End PBXFrameworksBuildPhase section */

/* Begin PBXGroup section */
		75D338D01BA2E2BD00B3F36F = {
			isa = PBXGroup;
			children = (
				75D338DB1BA2E2BD00B3F36F /* storyboardDemo */,
				75D338F11BA2E2BD00B3F36F /* storyboardDemoTests */,
				75D338DA1BA2E2BD00B3F36F /* Products */,
			);
			sourceTree = "<group>";
		};
		75D338DA1BA2E2BD00B3F36F /* Products */ = {
			isa = PBXGroup;
			children = (
				75D338D91BA2E2BD00B3F36F /* storyboardDemo.app */,
				75D338EE1BA2E2BD00B3F36F /* storyboardDemoTests.xctest */,
			);
			name = Products;
			sourceTree = "<group>";
		};
		75D338DB1BA2E2BD00B3F36F /* storyboardDemo */ = {
			isa = PBXGroup;
			children = (
				75D338DE1BA2E2BD00B3F36F /* AppDelegate.swift */,
				75D338E01BA2E2BD00B3F36F /* ViewController.swift */,
				75D338E21BA2E2BD00B3F36F /* Main.storyboard */,
				75D338E51BA2E2BD00B3F36F /* Images.xcassets */,
				75D338E71BA2E2BD00B3F36F /* LaunchScreen.xib */,
				75D338DC1BA2E2BD00B3F36F /* Supporting Files */,
			);
			path = storyboardDemo;
			sourceTree = "<group>";
		};
		75D338DC1BA2E2BD00B3F36F /* Supporting Files */ = {
			isa = PBXGroup;
			children = (
				75D338DD1BA2E2BD00B3F36F /* Info.plist */,
			);
			name = "Supporting Files";
			sourceTree = "<group>";
		};
		75D338F11BA2E2BD00B3F36F /* storyboardDemoTests */ = {
			isa = PBXGroup;
			children = (
				75D338F41BA2E2BD00B3F36F /* storyboardDemoTests.swift */,
				75D338F21BA2E2BD00B3F36F /* Supporting Files */,
			);
			path = storyboardDemoTests;
			sourceTree = "<group>";
		};
		75D338F21BA2E2BD00B3F36F /* Supporting Files */ = {
			isa = PBXGroup;
			children = (
				75D338F31BA2E2BD00B3F36F /* Info.plist */,
			);
			name = "Supporting Files";
			sourceTree = "<group>";
		};
/* End PBXGroup section */

/* Begin PBXNativeTarget section */
		75D338D81BA2E2BD00B3F36F /* storyboardDemo */ = {
			isa = PBXNativeTarget;
			buildConfigurationList = 75D338F81BA2E2BD00B3F36F /* Build configuration list for PBXNativeTarget "storyboardDemo" */;
			buildPhases = (
				75D338D51BA2E2BD00B3F36F /* Sources */,
				75D338D61BA2E2BD00B3F36F /* Frameworks */,
				75D338D71BA2E2BD00B3F36F /* Resources */,
			);
			buildRules = (
			);
			dependencies = (
			);
			name = storyboardDemo;
			productName = storyboardDemo;
			productReference = 75D338D91BA2E2BD00B3F36F /* storyboardDemo.app */;
			productType = "com.apple.product-type.application";
		};
		75D338ED1BA2E2BD00B3F36F /* storyboardDemoTests */ = {
			isa = PBXNativeTarget;
			buildConfigurationList = 75D338FB1BA2E2BD00B3F36F /* Build configuration list for PBXNativeTarget "storyboardDemoTests" */;
			buildPhases = (
				75D338EA1BA2E2BD00B3F36F /* Sources */,
				75D338EB1BA2E2BD00B3F36F /* Frameworks */,
				75D338EC1BA2E2BD00B3F36F /* Resources */,
			);
			buildRules = (
			);
			dependencies = (
				75D338F01BA2E2BD00B3F36F /* PBXTargetDependency */,
			);
			name = storyboardDemoTests;
			productName = storyboardDemoTests;
			productReference = 75D338EE1BA2E2BD00B3F36F /* storyboardDemoTests.xctest */;
			productType = "com.apple.product-type.bundle.unit-test";
		};
/* End PBXNativeTarget section */

/* Begin PBXProject section */
		75D338D11BA2E2BD00B3F36F /* Project object */ = {
			isa = PBXProject;
			attributes = {
				LastUpgradeCheck = 0620;
				ORGANIZATIONNAME = farid;
				TargetAttributes = {
					75D338D81BA2E2BD00B3F36F = {
						CreatedOnToolsVersion = 6.2;
					};
					75D338ED1BA2E2BD00B3F36F = {
						CreatedOnToolsVersion = 6.2;
						TestTargetID = 75D338D81BA2E2BD00B3F36F;
					};
				};
			};
			buildConfigurationList = 75D338D41BA2E2BD00B3F36F /* Build configuration list for PBXProject "storyboardDemo" */;
			compatibilityVersion = "Xcode 3.2";
			developmentRegion = English;
			hasScannedForEncodings = 0;
			knownRegions = (
				en,
				Base,
			);
			mainGroup = 75D338D01BA2E2BD00B3F36F;
			productRefGroup = 75D338DA1BA2E2BD00B3F36F /* Products */;
			projectDirPath = "";
			projectRoot = "";
			targets = (
				75D338D81BA2E2BD00B3F36F /* storyboardDemo */,
				75D338ED1BA2E2BD00B3F36F /* storyboardDemoTests */,
			);
		};
/* End PBXProject section */

/* Begin PBXResourcesBuildPhase section */
		75D338D71BA2E2BD00B3F36F /* Resources */ = {
			isa = PBXResourcesBuildPhase;
			buildActionMask = 2147483647;
			files = (
				75D338E41BA2E2BD00B3F36F /* Main.storyboard in Resources */,
				75D338E91BA2E2BD00B3F36F /* LaunchScreen.xib in Resources */,
				75D338E61BA2E2BD00B3F36F /* Images.xcassets in Resources */,
			);
			runOnlyForDeploymentPostprocessing = 0;
		};
		75D338EC1BA2E2BD00B3F36F /* Resources */ = {
			isa = PBXResourcesBuildPhase;
			buildActionMask = 2147483647;
			files = (
			);
			runOnlyForDeploymentPostprocessing = 0;
		};
/* End PBXResourcesBuildPhase section */

/* Begin PBXSourcesBuildPhase section */
		75D338D51BA2E2BD00B3F36F /* Sources */ = {
			isa = PBXSourcesBuildPhase;
			buildActionMask = 2147483647;
			files = (
				75D338E11BA2E2BD00B3F36F /* ViewController.swift in Sources */,
				75D338DF1BA2E2BD00B3F36F /* AppDelegate.swift in Sources */,
			);
			runOnlyForDeploymentPostprocessing = 0;
		};
		75D338EA1BA2E2BD00B3F36F /* Sources */ = {
			isa = PBXSourcesBuildPhase;
			buildActionMask = 2147483647;
			files = (
				75D338F51BA2E2BD00B3F36F /* storyboardDemoTests.swift in Sources */,
			);
			runOnlyForDeploymentPostprocessing = 0;
		};
/* End PBXSourcesBuildPhase section */

/* Begin PBXTargetDependency section */
		75D338F01BA2E2BD00B3F36F /* PBXTargetDependency */ = {
			isa = PBXTargetDependency;
			target = 75D338D81BA2E2BD00B3F36F /* storyboardDemo */;
			targetProxy = 75D338EF1BA2E2BD00B3F36F /* PBXContainerItemProxy */;
		};
/* End PBXTargetDependency section */

/* Begin PBXVariantGroup section */
		75D338E21BA2E2BD00B3F36F /* Main.storyboard */ = {
			isa = PBXVariantGroup;
			children = (
				75D338E31BA2E2BD00B3F36F /* Base */,
			);
			name = Main.storyboard;
			sourceTree = "<group>";
		};
		75D338E71BA2E2BD00B3F36F /* LaunchScreen.xib */ = {
			isa = PBXVariantGroup;
			children = (
				75D338E81BA2E2BD00B3F36F /* Base */,
			);
			name = LaunchScreen.xib;
			sourceTree = "<group>";
		};
/* End PBXVariantGroup section */

/* Begin XCBuildConfiguration section */
		75D338F61BA2E2BD00B3F36F /* Debug */ = {
			isa = XCBuildConfiguration;
			buildSettings = {
				ALWAYS_SEARCH_USER_PATHS = NO;
				CLANG_CXX_LANGUAGE_STANDARD = "gnu++0x";
				CLANG_CXX_LIBRARY = "libc++";
				CLANG_ENABLE_MODULES = YES;
				CLANG_ENABLE_OBJC_ARC = YES;
				CLANG_WARN_BOOL_CONVERSION = YES;
				CLANG_WARN_CONSTANT_CONVERSION = YES;
				CLANG_WARN_DIRECT_OBJC_ISA_USAGE = YES_ERROR;
				CLANG_WARN_EMPTY_BODY = YES;
				CLANG_WARN_ENUM_CONVERSION = YES;
				CLANG_WARN_INT_CONVERSION = YES;
				CLANG_WARN_OBJC_ROOT_CLASS = YES_ERROR;
				CLANG_WARN_UNREACHABLE_CODE = YES;
				CLANG_WARN__DUPLICATE_METHOD_MATCH = YES;
				"CODE_SIGN_IDENTITY[sdk=iphoneos*]" = "iPhone Developer";
				COPY_PHASE_STRIP = NO;
				ENABLE_STRICT_OBJC_MSGSEND = YES;
				GCC_C_LANGUAGE_STANDARD = gnu99;
				GCC_DYNAMIC_NO_PIC = NO;
				GCC_OPTIMIZATION_LEVEL = 0;
				GCC_PREPROCESSOR_DEFINITIONS = (
					"DEBUG=1",
					"$(inherited)",
				);
				GCC_SYMBOLS_PRIVATE_EXTERN = NO;
				GCC_WARN_64_TO_32_BIT_CONVERSION = YES;
				GCC_WARN_ABOUT_RETURN_TYPE = YES_ERROR;
				GCC_WARN_UNDECLARED_SELECTOR = YES;
				GCC_WARN_UNINITIALIZED_AUTOS = YES_AGGRESSIVE;
				GCC_WARN_UNUSED_FUNCTION = YES;
				GCC_WARN_UNUSED_VARIABLE = YES;
				IPHONEOS_DEPLOYMENT_TARGET = 8.2;
				MTL_ENABLE_DEBUG_INFO = YES;
				ONLY_ACTIVE_ARCH = YES;
				SDKROOT = iphoneos;
				SWIFT_OPTIMIZATION_LEVEL = "-Onone";
			};
			name = Debug;
		};
		75D338F71BA2E2BD00B3F36F /* Release */ = {
			isa = XCBuildConfiguration;
			buildSettings = {
				ALWAYS_SEARCH_USER_PATHS = NO;
				CLANG_CXX_LANGUAGE_STANDARD = "gnu++0x";
				CLANG_CXX_LIBRARY = "libc++";
				CLANG_ENABLE_MODULES = YES;
				CLANG_ENABLE_OBJC_ARC = YES;
				CLANG_WARN_BOOL_CONVERSION = YES;
				CLANG_WARN_CONSTANT_CONVERSION = YES;
				CLANG_WARN_DIRECT_OBJC_ISA_USAGE = YES_ERROR;
				CLANG_WARN_EMPTY_BODY = YES;
				CLANG_WARN_ENUM_CONVERSION = YES;
				CLANG_WARN_INT_CONVERSION = YES;
				CLANG_WARN_OBJC_ROOT_CLASS = YES_ERROR;
				CLANG_WARN_UNREACHABLE_CODE = YES;
				CLANG_WARN__DUPLICATE_METHOD_MATCH = YES;
				"CODE_SIGN_IDENTITY[sdk=iphoneos*]" = "iPhone Developer";
				COPY_PHASE_STRIP = NO;
				ENABLE_NS_ASSERTIONS = NO;
				ENABLE_STRICT_OBJC_MSGSEND = YES;
				GCC_C_LANGUAGE_STANDARD = gnu99;
				GCC_WARN_64_TO_32_BIT_CONVERSION = YES;
				GCC_WARN_ABOUT_RETURN_TYPE = YES_ERROR;
				GCC_WARN_UNDECLARED_SELECTOR = YES;
				GCC_WARN_UNINITIALIZED_AUTOS = YES_AGGRESSIVE;
				GCC_WARN_UNUSED_FUNCTION = YES;
				GCC_WARN_UNUSED_VARIABLE = YES;
				IPHONEOS_DEPLOYMENT_TARGET = 8.2;
				MTL_ENABLE_DEBUG_INFO = NO;
				SDKROOT = iphoneos;
				VALIDATE_PRODUCT = YES;
			};
			name = Release;
		};
		75D338F91BA2E2BD00B3F36F /* Debug */ = {
			isa = XCBuildConfiguration;
			buildSettings = {
				ASSETCATALOG_COMPILER_APPICON_NAME = AppIcon;
				INFOPLIST_FILE = storyboardDemo/Info.plist;
				LD_RUNPATH_SEARCH_PATHS = "$(inherited) @executable_path/Frameworks";
				PRODUCT_NAME = "$(TARGET_NAME)";
			};
			name = Debug;
		};
		75D338FA1BA2E2BD00B3F36F /* Release */ = {
			isa = XCBuildConfiguration;
			buildSettings = {
				ASSETCATALOG_COMPILER_APPICON_NAME = AppIcon;
				INFOPLIST_FILE = storyboardDemo/Info.plist;
				LD_RUNPATH_SEARCH_PATHS = "$(inherited) @executable_path/Frameworks";
				PRODUCT_NAME = "$(TARGET_NAME)";
			};
			name = Release;
		};
		75D338FC1BA2E2BD00B3F36F /* Debug */ = {
			isa = XCBuildConfiguration;
			buildSettings = {
				BUNDLE_LOADER = "$(TEST_HOST)";
				FRAMEWORK_SEARCH_PATHS = (
					"$(SDKROOT)/Developer/Library/Frameworks",
					"$(inherited)",
				);
				GCC_PREPROCESSOR_DEFINITIONS = (
					"DEBUG=1",
					"$(inherited)",
				);
				INFOPLIST_FILE = storyboardDemoTests/Info.plist;
				LD_RUNPATH_SEARCH_PATHS = "$(inherited) @executable_path/Frameworks @loader_path/Frameworks";
				PRODUCT_NAME = "$(TARGET_NAME)";
				TEST_HOST = "$(BUILT_PRODUCTS_DIR)/storyboardDemo.app/storyboardDemo";
			};
			name = Debug;
		};
		75D338FD1BA2E2BD00B3F36F /* Release */ = {
			isa = XCBuildConfiguration;
			buildSettings = {
				BUNDLE_LOADER = "$(TEST_HOST)";
				FRAMEWORK_SEARCH_PATHS = (
					"$(SDKROOT)/Developer/Library/Frameworks",
					"$(inherited)",
				);
				INFOPLIST_FILE = storyboardDemoTests/Info.plist;
				LD_RUNPATH_SEARCH_PATHS = "$(inherited) @executable_path/Frameworks @loader_path/Frameworks";
				PRODUCT_NAME = "$(TARGET_NAME)";
				TEST_HOST = "$(BUILT_PRODUCTS_DIR)/storyboardDemo.app/storyboardDemo";
			};
			name = Release;
		};
/* End XCBuildConfiguration section */

/* Begin XCConfigurationList section */
		75D338D41BA2E2BD00B3F36F /* Build configuration list for PBXProject "storyboardDemo" */ = {
			isa = XCConfigurationList;
			buildConfigurations = (
				75D338F61BA2E2BD00B3F36F /* Debug */,
				75D338F71BA2E2BD00B3F36F /* Release */,
			);
			defaultConfigurationIsVisible = 0;
			defaultConfigurationName = Release;
		};
		75D338F81BA2E2BD00B3F36F /* Build configuration list for PBXNativeTarget "storyboardDemo" */ = {
			isa = XCConfigurationList;
			buildConfigurations = (
				75D338F91BA2E2BD00B3F36F /* Debug */,
				75D338FA1BA2E2BD00B3F36F /* Release */,
			);
			defaultConfigurationIsVisible = 0;
		};
		75D338FB1BA2E2BD00B3F36F /* Build configuration list for PBXNativeTarget "storyboardDemoTests" */ = {
			isa = XCConfigurationList;
			buildConfigurations = (
				75D338FC1BA2E2BD00B3F36F /* Debug */,
				75D338FD1BA2E2BD00B3F36F /* Release */,
			);
			defaultConfigurationIsVisible = 0;
		};
/* End XCConfigurationList section */
	};
	rootObject = 75D338D11BA2E2BD00B3F36F /* Project object */;
}
