// !$*UTF8*$!
{
	archiveVersion = 1;
	classes = {
	};
	objectVersion = 46;
	objects = {

/* Begin PBXBuildFile section */
		75F282AC1B9F3556007EB29F /* AppDelegate.swift in Sources */ = {isa = PBXBuildFile; fileRef = 75F282AB1B9F3556007EB29F /* AppDelegate.swift */; };
		75F282AE1B9F3556007EB29F /* ViewController.swift in Sources */ = {isa = PBXBuildFile; fileRef = 75F282AD1B9F3556007EB29F /* ViewController.swift */; };
		75F282B11B9F3556007EB29F /* Main.storyboard in Resources */ = {isa = PBXBuildFile; fileRef = 75F282AF1B9F3556007EB29F /* Main.storyboard */; };
		75F282B31B9F3556007EB29F /* Images.xcassets in Resources */ = {isa = PBXBuildFile; fileRef = 75F282B21B9F3556007EB29F /* Images.xcassets */; };
		75F282B61B9F3556007EB29F /* LaunchScreen.xib in Resources */ = {isa = PBXBuildFile; fileRef = 75F282B41B9F3556007EB29F /* LaunchScreen.xib */; };
		75F282C21B9F3556007EB29F /* LoadDataTests.swift in Sources */ = {isa = PBXBuildFile; fileRef = 75F282C11B9F3556007EB29F /* LoadDataTests.swift */; };
/* End PBXBuildFile section */

/* Begin PBXContainerItemProxy section */
		75F282BC1B9F3556007EB29F /* PBXContainerItemProxy */ = {
			isa = PBXContainerItemProxy;
			containerPortal = 75F2829E1B9F3556007EB29F /* Project object */;
			proxyType = 1;
			remoteGlobalIDString = 75F282A51B9F3556007EB29F;
			remoteInfo = LoadData;
		};
/* End PBXContainerItemProxy section */

/* Begin PBXFileReference section */
		75F282A61B9F3556007EB29F /* LoadData.app */ = {isa = PBXFileReference; explicitFileType = wrapper.application; includeInIndex = 0; path = LoadData.app; sourceTree = BUILT_PRODUCTS_DIR; };
		75F282AA1B9F3556007EB29F /* Info.plist */ = {isa = PBXFileReference; lastKnownFileType = text.plist.xml; path = Info.plist; sourceTree = "<group>"; };
		75F282AB1B9F3556007EB29F /* AppDelegate.swift */ = {isa = PBXFileReference; lastKnownFileType = sourcecode.swift; path = AppDelegate.swift; sourceTree = "<group>"; };
		75F282AD1B9F3556007EB29F /* ViewController.swift */ = {isa = PBXFileReference; lastKnownFileType = sourcecode.swift; path = ViewController.swift; sourceTree = "<group>"; };
		75F282B01B9F3556007EB29F /* Base */ = {isa = PBXFileReference; lastKnownFileType = file.storyboard; name = Base; path = Base.lproj/Main.storyboard; sourceTree = "<group>"; };
		75F282B21B9F3556007EB29F /* Images.xcassets */ = {isa = PBXFileReference; lastKnownFileType = folder.assetcatalog; path = Images.xcassets; sourceTree = "<group>"; };
		75F282B51B9F3556007EB29F /* Base */ = {isa = PBXFileReference; lastKnownFileType = file.xib; name = Base; path = Base.lproj/LaunchScreen.xib; sourceTree = "<group>"; };
		75F282BB1B9F3556007EB29F /* LoadDataTests.xctest */ = {isa = PBXFileReference; explicitFileType = wrapper.cfbundle; includeInIndex = 0; path = LoadDataTests.xctest; sourceTree = BUILT_PRODUCTS_DIR; };
		75F282C01B9F3556007EB29F /* Info.plist */ = {isa = PBXFileReference; lastKnownFileType = text.plist.xml; path = Info.plist; sourceTree = "<group>"; };
		75F282C11B9F3556007EB29F /* LoadDataTests.swift */ = {isa = PBXFileReference; lastKnownFileType = sourcecode.swift; path = LoadDataTests.swift; sourceTree = "<group>"; };
/* End PBXFileReference section */

/* Begin PBXFrameworksBuildPhase section */
		75F282A31B9F3556007EB29F /* Frameworks */ = {
			isa = PBXFrameworksBuildPhase;
			buildActionMask = 2147483647;
			files = (
			);
			runOnlyForDeploymentPostprocessing = 0;
		};
		75F282B81B9F3556007EB29F /* Frameworks */ = {
			isa = PBXFrameworksBuildPhase;
			buildActionMask = 2147483647;
			files = (
			);
			runOnlyForDeploymentPostprocessing = 0;
		};
/* End PBXFrameworksBuildPhase section */

/* Begin PBXGroup section */
		75F2829D1B9F3556007EB29F = {
			isa = PBXGroup;
			children = (
				75F282A81B9F3556007EB29F /* LoadData */,
				75F282BE1B9F3556007EB29F /* LoadDataTests */,
				75F282A71B9F3556007EB29F /* Products */,
			);
			sourceTree = "<group>";
		};
		75F282A71B9F3556007EB29F /* Products */ = {
			isa = PBXGroup;
			children = (
				75F282A61B9F3556007EB29F /* LoadData.app */,
				75F282BB1B9F3556007EB29F /* LoadDataTests.xctest */,
			);
			name = Products;
			sourceTree = "<group>";
		};
		75F282A81B9F3556007EB29F /* LoadData */ = {
			isa = PBXGroup;
			children = (
				75F282AB1B9F3556007EB29F /* AppDelegate.swift */,
				75F282AD1B9F3556007EB29F /* ViewController.swift */,
				75F282AF1B9F3556007EB29F /* Main.storyboard */,
				75F282B21B9F3556007EB29F /* Images.xcassets */,
				75F282B41B9F3556007EB29F /* LaunchScreen.xib */,
				75F282A91B9F3556007EB29F /* Supporting Files */,
			);
			path = LoadData;
			sourceTree = "<group>";
		};
		75F282A91B9F3556007EB29F /* Supporting Files */ = {
			isa = PBXGroup;
			children = (
				75F282AA1B9F3556007EB29F /* Info.plist */,
			);
			name = "Supporting Files";
			sourceTree = "<group>";
		};
		75F282BE1B9F3556007EB29F /* LoadDataTests */ = {
			isa = PBXGroup;
			children = (
				75F282C11B9F3556007EB29F /* LoadDataTests.swift */,
				75F282BF1B9F3556007EB29F /* Supporting Files */,
			);
			path = LoadDataTests;
			sourceTree = "<group>";
		};
		75F282BF1B9F3556007EB29F /* Supporting Files */ = {
			isa = PBXGroup;
			children = (
				75F282C01B9F3556007EB29F /* Info.plist */,
			);
			name = "Supporting Files";
			sourceTree = "<group>";
		};
/* End PBXGroup section */

/* Begin PBXNativeTarget section */
		75F282A51B9F3556007EB29F /* LoadData */ = {
			isa = PBXNativeTarget;
			buildConfigurationList = 75F282C51B9F3556007EB29F /* Build configuration list for PBXNativeTarget "LoadData" */;
			buildPhases = (
				75F282A21B9F3556007EB29F /* Sources */,
				75F282A31B9F3556007EB29F /* Frameworks */,
				75F282A41B9F3556007EB29F /* Resources */,
			);
			buildRules = (
			);
			dependencies = (
			);
			name = LoadData;
			productName = LoadData;
			productReference = 75F282A61B9F3556007EB29F /* LoadData.app */;
			productType = "com.apple.product-type.application";
		};
		75F282BA1B9F3556007EB29F /* LoadDataTests */ = {
			isa = PBXNativeTarget;
			buildConfigurationList = 75F282C81B9F3556007EB29F /* Build configuration list for PBXNativeTarget "LoadDataTests" */;
			buildPhases = (
				75F282B71B9F3556007EB29F /* Sources */,
				75F282B81B9F3556007EB29F /* Frameworks */,
				75F282B91B9F3556007EB29F /* Resources */,
			);
			buildRules = (
			);
			dependencies = (
				75F282BD1B9F3556007EB29F /* PBXTargetDependency */,
			);
			name = LoadDataTests;
			productName = LoadDataTests;
			productReference = 75F282BB1B9F3556007EB29F /* LoadDataTests.xctest */;
			productType = "com.apple.product-type.bundle.unit-test";
		};
/* End PBXNativeTarget section */

/* Begin PBXProject section */
		75F2829E1B9F3556007EB29F /* Project object */ = {
			isa = PBXProject;
			attributes = {
				LastUpgradeCheck = 0620;
				ORGANIZATIONNAME = farid;
				TargetAttributes = {
					75F282A51B9F3556007EB29F = {
						CreatedOnToolsVersion = 6.2;
					};
					75F282BA1B9F3556007EB29F = {
						CreatedOnToolsVersion = 6.2;
						TestTargetID = 75F282A51B9F3556007EB29F;
					};
				};
			};
			buildConfigurationList = 75F282A11B9F3556007EB29F /* Build configuration list for PBXProject "LoadData" */;
			compatibilityVersion = "Xcode 3.2";
			developmentRegion = English;
			hasScannedForEncodings = 0;
			knownRegions = (
				en,
				Base,
			);
			mainGroup = 75F2829D1B9F3556007EB29F;
			productRefGroup = 75F282A71B9F3556007EB29F /* Products */;
			projectDirPath = "";
			projectRoot = "";
			targets = (
				75F282A51B9F3556007EB29F /* LoadData */,
				75F282BA1B9F3556007EB29F /* LoadDataTests */,
			);
		};
/* End PBXProject section */

/* Begin PBXResourcesBuildPhase section */
		75F282A41B9F3556007EB29F /* Resources */ = {
			isa = PBXResourcesBuildPhase;
			buildActionMask = 2147483647;
			files = (
				75F282B11B9F3556007EB29F /* Main.storyboard in Resources */,
				75F282B61B9F3556007EB29F /* LaunchScreen.xib in Resources */,
				75F282B31B9F3556007EB29F /* Images.xcassets in Resources */,
			);
			runOnlyForDeploymentPostprocessing = 0;
		};
		75F282B91B9F3556007EB29F /* Resources */ = {
			isa = PBXResourcesBuildPhase;
			buildActionMask = 2147483647;
			files = (
			);
			runOnlyForDeploymentPostprocessing = 0;
		};
/* End PBXResourcesBuildPhase section */

/* Begin PBXSourcesBuildPhase section */
		75F282A21B9F3556007EB29F /* Sources */ = {
			isa = PBXSourcesBuildPhase;
			buildActionMask = 2147483647;
			files = (
				75F282AE1B9F3556007EB29F /* ViewController.swift in Sources */,
				75F282AC1B9F3556007EB29F /* AppDelegate.swift in Sources */,
			);
			runOnlyForDeploymentPostprocessing = 0;
		};
		75F282B71B9F3556007EB29F /* Sources */ = {
			isa = PBXSourcesBuildPhase;
			buildActionMask = 2147483647;
			files = (
				75F282C21B9F3556007EB29F /* LoadDataTests.swift in Sources */,
			);
			runOnlyForDeploymentPostprocessing = 0;
		};
/* End PBXSourcesBuildPhase section */

/* Begin PBXTargetDependency section */
		75F282BD1B9F3556007EB29F /* PBXTargetDependency */ = {
			isa = PBXTargetDependency;
			target = 75F282A51B9F3556007EB29F /* LoadData */;
			targetProxy = 75F282BC1B9F3556007EB29F /* PBXContainerItemProxy */;
		};
/* End PBXTargetDependency section */

/* Begin PBXVariantGroup section */
		75F282AF1B9F3556007EB29F /* Main.storyboard */ = {
			isa = PBXVariantGroup;
			children = (
				75F282B01B9F3556007EB29F /* Base */,
			);
			name = Main.storyboard;
			sourceTree = "<group>";
		};
		75F282B41B9F3556007EB29F /* LaunchScreen.xib */ = {
			isa = PBXVariantGroup;
			children = (
				75F282B51B9F3556007EB29F /* Base */,
			);
			name = LaunchScreen.xib;
			sourceTree = "<group>";
		};
/* End PBXVariantGroup section */

/* Begin XCBuildConfiguration section */
		75F282C31B9F3556007EB29F /* Debug */ = {
			isa = XCBuildConfiguration;
			buildSettings = {
				ALWAYS_SEARCH_USER_PATHS = NO;
				CLANG_CXX_LANGUAGE_STANDARD = "gnu++0x";
				CLANG_CXX_LIBRARY = "libc++";
				CLANG_ENABLE_MODULES = YES;
				CLANG_ENABLE_OBJC_ARC = YES;
				CLANG_WARN_BOOL_CONVERSION = YES;
				CLANG_WARN_CONSTANT_CONVERSION = YES;
				CLANG_WARN_DIRECT_OBJC_ISA_USAGE = YES_ERROR;
				CLANG_WARN_EMPTY_BODY = YES;
				CLANG_WARN_ENUM_CONVERSION = YES;
				CLANG_WARN_INT_CONVERSION = YES;
				CLANG_WARN_OBJC_ROOT_CLASS = YES_ERROR;
				CLANG_WARN_UNREACHABLE_CODE = YES;
				CLANG_WARN__DUPLICATE_METHOD_MATCH = YES;
				"CODE_SIGN_IDENTITY[sdk=iphoneos*]" = "iPhone Developer";
				COPY_PHASE_STRIP = NO;
				ENABLE_STRICT_OBJC_MSGSEND = YES;
				GCC_C_LANGUAGE_STANDARD = gnu99;
				GCC_DYNAMIC_NO_PIC = NO;
				GCC_OPTIMIZATION_LEVEL = 0;
				GCC_PREPROCESSOR_DEFINITIONS = (
					"DEBUG=1",
					"$(inherited)",
				);
				GCC_SYMBOLS_PRIVATE_EXTERN = NO;
				GCC_WARN_64_TO_32_BIT_CONVERSION = YES;
				GCC_WARN_ABOUT_RETURN_TYPE = YES_ERROR;
				GCC_WARN_UNDECLARED_SELECTOR = YES;
				GCC_WARN_UNINITIALIZED_AUTOS = YES_AGGRESSIVE;
				GCC_WARN_UNUSED_FUNCTION = YES;
				GCC_WARN_UNUSED_VARIABLE = YES;
				IPHONEOS_DEPLOYMENT_TARGET = 8.2;
				MTL_ENABLE_DEBUG_INFO = YES;
				ONLY_ACTIVE_ARCH = YES;
				SDKROOT = iphoneos;
				SWIFT_OPTIMIZATION_LEVEL = "-Onone";
			};
			name = Debug;
		};
		75F282C41B9F3556007EB29F /* Release */ = {
			isa = XCBuildConfiguration;
			buildSettings = {
				ALWAYS_SEARCH_USER_PATHS = NO;
				CLANG_CXX_LANGUAGE_STANDARD = "gnu++0x";
				CLANG_CXX_LIBRARY = "libc++";
				CLANG_ENABLE_MODULES = YES;
				CLANG_ENABLE_OBJC_ARC = YES;
				CLANG_WARN_BOOL_CONVERSION = YES;
				CLANG_WARN_CONSTANT_CONVERSION = YES;
				CLANG_WARN_DIRECT_OBJC_ISA_USAGE = YES_ERROR;
				CLANG_WARN_EMPTY_BODY = YES;
				CLANG_WARN_ENUM_CONVERSION = YES;
				CLANG_WARN_INT_CONVERSION = YES;
				CLANG_WARN_OBJC_ROOT_CLASS = YES_ERROR;
				CLANG_WARN_UNREACHABLE_CODE = YES;
				CLANG_WARN__DUPLICATE_METHOD_MATCH = YES;
				"CODE_SIGN_IDENTITY[sdk=iphoneos*]" = "iPhone Developer";
				COPY_PHASE_STRIP = NO;
				ENABLE_NS_ASSERTIONS = NO;
				ENABLE_STRICT_OBJC_MSGSEND = YES;
				GCC_C_LANGUAGE_STANDARD = gnu99;
				GCC_WARN_64_TO_32_BIT_CONVERSION = YES;
				GCC_WARN_ABOUT_RETURN_TYPE = YES_ERROR;
				GCC_WARN_UNDECLARED_SELECTOR = YES;
				GCC_WARN_UNINITIALIZED_AUTOS = YES_AGGRESSIVE;
				GCC_WARN_UNUSED_FUNCTION = YES;
				GCC_WARN_UNUSED_VARIABLE = YES;
				IPHONEOS_DEPLOYMENT_TARGET = 8.2;
				MTL_ENABLE_DEBUG_INFO = NO;
				SDKROOT = iphoneos;
				VALIDATE_PRODUCT = YES;
			};
			name = Release;
		};
		75F282C61B9F3556007EB29F /* Debug */ = {
			isa = XCBuildConfiguration;
			buildSettings = {
				ASSETCATALOG_COMPILER_APPICON_NAME = AppIcon;
				INFOPLIST_FILE = LoadData/Info.plist;
				LD_RUNPATH_SEARCH_PATHS = "$(inherited) @executable_path/Frameworks";
				PRODUCT_NAME = "$(TARGET_NAME)";
			};
			name = Debug;
		};
		75F282C71B9F3556007EB29F /* Release */ = {
			isa = XCBuildConfiguration;
			buildSettings = {
				ASSETCATALOG_COMPILER_APPICON_NAME = AppIcon;
				INFOPLIST_FILE = LoadData/Info.plist;
				LD_RUNPATH_SEARCH_PATHS = "$(inherited) @executable_path/Frameworks";
				PRODUCT_NAME = "$(TARGET_NAME)";
			};
			name = Release;
		};
		75F282C91B9F3556007EB29F /* Debug */ = {
			isa = XCBuildConfiguration;
			buildSettings = {
				BUNDLE_LOADER = "$(TEST_HOST)";
				FRAMEWORK_SEARCH_PATHS = (
					"$(SDKROOT)/Developer/Library/Frameworks",
					"$(inherited)",
				);
				GCC_PREPROCESSOR_DEFINITIONS = (
					"DEBUG=1",
					"$(inherited)",
				);
				INFOPLIST_FILE = LoadDataTests/Info.plist;
				LD_RUNPATH_SEARCH_PATHS = "$(inherited) @executable_path/Frameworks @loader_path/Frameworks";
				PRODUCT_NAME = "$(TARGET_NAME)";
				TEST_HOST = "$(BUILT_PRODUCTS_DIR)/LoadData.app/LoadData";
			};
			name = Debug;
		};
		75F282CA1B9F3556007EB29F /* Release */ = {
			isa = XCBuildConfiguration;
			buildSettings = {
				BUNDLE_LOADER = "$(TEST_HOST)";
				FRAMEWORK_SEARCH_PATHS = (
					"$(SDKROOT)/Developer/Library/Frameworks",
					"$(inherited)",
				);
				INFOPLIST_FILE = LoadDataTests/Info.plist;
				LD_RUNPATH_SEARCH_PATHS = "$(inherited) @executable_path/Frameworks @loader_path/Frameworks";
				PRODUCT_NAME = "$(TARGET_NAME)";
				TEST_HOST = "$(BUILT_PRODUCTS_DIR)/LoadData.app/LoadData";
			};
			name = Release;
		};
/* End XCBuildConfiguration section */

/* Begin XCConfigurationList section */
		75F282A11B9F3556007EB29F /* Build configuration list for PBXProject "LoadData" */ = {
			isa = XCConfigurationList;
			buildConfigurations = (
				75F282C31B9F3556007EB29F /* Debug */,
				75F282C41B9F3556007EB29F /* Release */,
			);
			defaultConfigurationIsVisible = 0;
			defaultConfigurationName = Release;
		};
		75F282C51B9F3556007EB29F /* Build configuration list for PBXNativeTarget "LoadData" */ = {
			isa = XCConfigurationList;
			buildConfigurations = (
				75F282C61B9F3556007EB29F /* Debug */,
				75F282C71B9F3556007EB29F /* Release */,
			);
			defaultConfigurationIsVisible = 0;
		};
		75F282C81B9F3556007EB29F /* Build configuration list for PBXNativeTarget "LoadDataTests" */ = {
			isa = XCConfigurationList;
			buildConfigurations = (
				75F282C91B9F3556007EB29F /* Debug */,
				75F282CA1B9F3556007EB29F /* Release */,
			);
			defaultConfigurationIsVisible = 0;
		};
/* End XCConfigurationList section */
	};
	rootObject = 75F2829E1B9F3556007EB29F /* Project object */;
}
